
Microsoft Visual Studio Solution File, Format Version 12.00
# Visual Studio Version 17
VisualStudioVersion = 17.14.36518.9 d17.14
MinimumVisualStudioVersion = 10.0.40219.1
Project("{FAE04EC0-301F-11D3-BF4B-00C04F79EFBC}") = "No.18", "No.18\No.18.csproj", "{951D8AB4-0159-48B0-A9FF-0C577C2A52F0}"
EndProject
Global
	GlobalSection(SolutionConfigurationPlatforms) = preSolution
		Debug|Any CPU = Debug|Any CPU
		Release|Any CPU = Release|Any CPU
	EndGlobalSection
	GlobalSection(ProjectConfigurationPlatforms) = postSolution
		{951D8AB4-0159-48B0-A9FF-0C577C2A52F0}.Debug|Any CPU.ActiveCfg = Debug|Any CPU
		{951D8AB4-0159-48B0-A9FF-0C577C2A52F0}.Debug|Any CPU.Build.0 = Debug|Any CPU
		{951D8AB4-0159-48B0-A9FF-0C577C2A52F0}.Release|Any CPU.ActiveCfg = Release|Any CPU
		{951D8AB4-0159-48B0-A9FF-0C577C2A52F0}.Release|Any CPU.Build.0 = Release|Any CPU
	EndGlobalSection
	GlobalSection(SolutionProperties) = preSolution
		HideSolutionNode = FALSE
	EndGlobalSection
	GlobalSection(ExtensibilityGlobals) = postSolution
		SolutionGuid = {ADE9A3A8-9411-40DD-BF7C-5AFE541BE7D7}
	EndGlobalSection
EndGlobal
